
Microsoft Visual Studio Solution File, Format Version 12.00
# Visual Studio 15
VisualStudioVersion = 15.0.26730.16
MinimumVisualStudioVersion = 10.0.40219.1
Project("{FAE04EC0-301F-11D3-BF4B-00C04F79EFBC}") = "01_LateEvaluation", "01_LateEvaluation\01_LateEvaluation.csproj", "{39A423BD-7197-4D4B-809F-658BA5193CF6}"
EndProject
Project("{FAE04EC0-301F-11D3-BF4B-00C04F79EFBC}") = "05_OrderOfEvaluation", "05_OrderOfEvaluation\05_OrderOfEvaluation.csproj", "{11D87566-52C8-4FB1-BC97-39F9D2F249ED}"
EndProject
Project("{FAE04EC0-301F-11D3-BF4B-00C04F79EFBC}") = "02_MultipleEvaluation", "02_MultipleEvaluation\02_MultipleEvaluation.csproj", "{E48E5463-7A69-4D84-BD04-F0788B0C18B1}"
EndProject
Project("{FAE04EC0-301F-11D3-BF4B-00C04F79EFBC}") = "03_InstanceEvaluation", "03_InstanceEvaluation\03_InstanceEvaluation.csproj", "{1C657F86-7F5E-44B5-834C-3238100C674B}"
EndProject
Global
	GlobalSection(SolutionConfigurationPlatforms) = preSolution
		Debug|Any CPU = Debug|Any CPU
		Release|Any CPU = Release|Any CPU
	EndGlobalSection
	GlobalSection(ProjectConfigurationPlatforms) = postSolution
		{39A423BD-7197-4D4B-809F-658BA5193CF6}.Debug|Any CPU.ActiveCfg = Debug|Any CPU
		{39A423BD-7197-4D4B-809F-658BA5193CF6}.Debug|Any CPU.Build.0 = Debug|Any CPU
		{39A423BD-7197-4D4B-809F-658BA5193CF6}.Release|Any CPU.ActiveCfg = Release|Any CPU
		{39A423BD-7197-4D4B-809F-658BA5193CF6}.Release|Any CPU.Build.0 = Release|Any CPU
		{11D87566-52C8-4FB1-BC97-39F9D2F249ED}.Debug|Any CPU.ActiveCfg = Debug|Any CPU
		{11D87566-52C8-4FB1-BC97-39F9D2F249ED}.Debug|Any CPU.Build.0 = Debug|Any CPU
		{11D87566-52C8-4FB1-BC97-39F9D2F249ED}.Release|Any CPU.ActiveCfg = Release|Any CPU
		{11D87566-52C8-4FB1-BC97-39F9D2F249ED}.Release|Any CPU.Build.0 = Release|Any CPU
		{E48E5463-7A69-4D84-BD04-F0788B0C18B1}.Debug|Any CPU.ActiveCfg = Debug|Any CPU
		{E48E5463-7A69-4D84-BD04-F0788B0C18B1}.Debug|Any CPU.Build.0 = Debug|Any CPU
		{E48E5463-7A69-4D84-BD04-F0788B0C18B1}.Release|Any CPU.ActiveCfg = Release|Any CPU
		{E48E5463-7A69-4D84-BD04-F0788B0C18B1}.Release|Any CPU.Build.0 = Release|Any CPU
		{1C657F86-7F5E-44B5-834C-3238100C674B}.Debug|Any CPU.ActiveCfg = Debug|Any CPU
		{1C657F86-7F5E-44B5-834C-3238100C674B}.Debug|Any CPU.Build.0 = Debug|Any CPU
		{1C657F86-7F5E-44B5-834C-3238100C674B}.Release|Any CPU.ActiveCfg = Release|Any CPU
		{1C657F86-7F5E-44B5-834C-3238100C674B}.Release|Any CPU.Build.0 = Release|Any CPU
	EndGlobalSection
	GlobalSection(SolutionProperties) = preSolution
		HideSolutionNode = FALSE
	EndGlobalSection
	GlobalSection(ExtensibilityGlobals) = postSolution
		SolutionGuid = {F5241F15-03F1-4997-A3CE-FF337442A818}
	EndGlobalSection
EndGlobal
